// !$*UTF8*$!
{
	archiveVersion = 1;
	classes = {
	};
	objectVersion = 50;
	objects = {

/* Begin PBXBuildFile section */
		E2204F7B22380EB70090C296 /* AppDelegate.swift in Sources */ = {isa = PBXBuildFile; fileRef = E2204F7A22380EB70090C296 /* AppDelegate.swift */; };
		E2204F8022380EB70090C296 /* Main.storyboard in Resources */ = {isa = PBXBuildFile; fileRef = E2204F7E22380EB70090C296 /* Main.storyboard */; };
		E2204F8222380EB90090C296 /* Assets.xcassets in Resources */ = {isa = PBXBuildFile; fileRef = E2204F8122380EB90090C296 /* Assets.xcassets */; };
		E2204F8522380EB90090C296 /* LaunchScreen.storyboard in Resources */ = {isa = PBXBuildFile; fileRef = E2204F8322380EB90090C296 /* LaunchScreen.storyboard */; };
		E2204F9022380EBA0090C296 /* PullableViewControllerTests.swift in Sources */ = {isa = PBXBuildFile; fileRef = E2204F8F22380EBA0090C296 /* PullableViewControllerTests.swift */; };
		E2204F9B22380EBA0090C296 /* PullableViewControllerUITests.swift in Sources */ = {isa = PBXBuildFile; fileRef = E2204F9A22380EBA0090C296 /* PullableViewControllerUITests.swift */; };
		E2204FA922380EE00090C296 /* PullableVC.swift in Sources */ = {isa = PBXBuildFile; fileRef = E2204FA822380EE00090C296 /* PullableVC.swift */; };
		E2204FAB22380EFC0090C296 /* MainVC.swift in Sources */ = {isa = PBXBuildFile; fileRef = E2204FAA22380EFC0090C296 /* MainVC.swift */; };
/* End PBXBuildFile section */

/* Begin PBXContainerItemProxy section */
		E2204F8C22380EBA0090C296 /* PBXContainerItemProxy */ = {
			isa = PBXContainerItemProxy;
			containerPortal = E2204F6F22380EB70090C296 /* Project object */;
			proxyType = 1;
			remoteGlobalIDString = E2204F7622380EB70090C296;
			remoteInfo = PullableViewController;
		};
		E2204F9722380EBA0090C296 /* PBXContainerItemProxy */ = {
			isa = PBXContainerItemProxy;
			containerPortal = E2204F6F22380EB70090C296 /* Project object */;
			proxyType = 1;
			remoteGlobalIDString = E2204F7622380EB70090C296;
			remoteInfo = PullableViewController;
		};
/* End PBXContainerItemProxy section */

/* Begin PBXFileReference section */
		E2204F7722380EB70090C296 /* PullableViewController.app */ = {isa = PBXFileReference; explicitFileType = wrapper.application; includeInIndex = 0; path = PullableViewController.app; sourceTree = BUILT_PRODUCTS_DIR; };
		E2204F7A22380EB70090C296 /* AppDelegate.swift */ = {isa = PBXFileReference; lastKnownFileType = sourcecode.swift; path = AppDelegate.swift; sourceTree = "<group>"; };
		E2204F7F22380EB70090C296 /* Base */ = {isa = PBXFileReference; lastKnownFileType = file.storyboard; name = Base; path = Base.lproj/Main.storyboard; sourceTree = "<group>"; };
		E2204F8122380EB90090C296 /* Assets.xcassets */ = {isa = PBXFileReference; lastKnownFileType = folder.assetcatalog; path = Assets.xcassets; sourceTree = "<group>"; };
		E2204F8422380EB90090C296 /* Base */ = {isa = PBXFileReference; lastKnownFileType = file.storyboard; name = Base; path = Base.lproj/LaunchScreen.storyboard; sourceTree = "<group>"; };
		E2204F8622380EB90090C296 /* Info.plist */ = {isa = PBXFileReference; lastKnownFileType = text.plist.xml; path = Info.plist; sourceTree = "<group>"; };
		E2204F8B22380EBA0090C296 /* PullableViewControllerTests.xctest */ = {isa = PBXFileReference; explicitFileType = wrapper.cfbundle; includeInIndex = 0; path = PullableViewControllerTests.xctest; sourceTree = BUILT_PRODUCTS_DIR; };
		E2204F8F22380EBA0090C296 /* PullableViewControllerTests.swift */ = {isa = PBXFileReference; lastKnownFileType = sourcecode.swift; path = PullableViewControllerTests.swift; sourceTree = "<group>"; };
		E2204F9122380EBA0090C296 /* Info.plist */ = {isa = PBXFileReference; lastKnownFileType = text.plist.xml; path = Info.plist; sourceTree = "<group>"; };
		E2204F9622380EBA0090C296 /* PullableViewControllerUITests.xctest */ = {isa = PBXFileReference; explicitFileType = wrapper.cfbundle; includeInIndex = 0; path = PullableViewControllerUITests.xctest; sourceTree = BUILT_PRODUCTS_DIR; };
		E2204F9A22380EBA0090C296 /* PullableViewControllerUITests.swift */ = {isa = PBXFileReference; lastKnownFileType = sourcecode.swift; path = PullableViewControllerUITests.swift; sourceTree = "<group>"; };
		E2204F9C22380EBA0090C296 /* Info.plist */ = {isa = PBXFileReference; lastKnownFileType = text.plist.xml; path = Info.plist; sourceTree = "<group>"; };
		E2204FA822380EE00090C296 /* PullableVC.swift */ = {isa = PBXFileReference; lastKnownFileType = sourcecode.swift; path = PullableVC.swift; sourceTree = "<group>"; };
		E2204FAA22380EFC0090C296 /* MainVC.swift */ = {isa = PBXFileReference; lastKnownFileType = sourcecode.swift; path = MainVC.swift; sourceTree = "<group>"; };
/* End PBXFileReference section */

/* Begin PBXFrameworksBuildPhase section */
		E2204F7422380EB70090C296 /* Frameworks */ = {
			isa = PBXFrameworksBuildPhase;
			buildActionMask = 2147483647;
			files = (
			);
			runOnlyForDeploymentPostprocessing = 0;
		};
		E2204F8822380EBA0090C296 /* Frameworks */ = {
			isa = PBXFrameworksBuildPhase;
			buildActionMask = 2147483647;
			files = (
			);
			runOnlyForDeploymentPostprocessing = 0;
		};
		E2204F9322380EBA0090C296 /* Frameworks */ = {
			isa = PBXFrameworksBuildPhase;
			buildActionMask = 2147483647;
			files = (
			);
			runOnlyForDeploymentPostprocessing = 0;
		};
/* End PBXFrameworksBuildPhase section */

/* Begin PBXGroup section */
		E2204F6E22380EB70090C296 = {
			isa = PBXGroup;
			children = (
				E2204F7922380EB70090C296 /* PullableViewController */,
				E2204F8E22380EBA0090C296 /* PullableViewControllerTests */,
				E2204F9922380EBA0090C296 /* PullableViewControllerUITests */,
				E2204F7822380EB70090C296 /* Products */,
			);
			sourceTree = "<group>";
		};
		E2204F7822380EB70090C296 /* Products */ = {
			isa = PBXGroup;
			children = (
				E2204F7722380EB70090C296 /* PullableViewController.app */,
				E2204F8B22380EBA0090C296 /* PullableViewControllerTests.xctest */,
				E2204F9622380EBA0090C296 /* PullableViewControllerUITests.xctest */,
			);
			name = Products;
			sourceTree = "<group>";
		};
		E2204F7922380EB70090C296 /* PullableViewController */ = {
			isa = PBXGroup;
			children = (
				E2204F7A22380EB70090C296 /* AppDelegate.swift */,
				E2204F7E22380EB70090C296 /* Main.storyboard */,
				E2204F8122380EB90090C296 /* Assets.xcassets */,
				E2204F8322380EB90090C296 /* LaunchScreen.storyboard */,
				E2204F8622380EB90090C296 /* Info.plist */,
				E2204FA822380EE00090C296 /* PullableVC.swift */,
				E2204FAA22380EFC0090C296 /* MainVC.swift */,
			);
			path = PullableViewController;
			sourceTree = "<group>";
		};
		E2204F8E22380EBA0090C296 /* PullableViewControllerTests */ = {
			isa = PBXGroup;
			children = (
				E2204F8F22380EBA0090C296 /* PullableViewControllerTests.swift */,
				E2204F9122380EBA0090C296 /* Info.plist */,
			);
			path = PullableViewControllerTests;
			sourceTree = "<group>";
		};
		E2204F9922380EBA0090C296 /* PullableViewControllerUITests */ = {
			isa = PBXGroup;
			children = (
				E2204F9A22380EBA0090C296 /* PullableViewControllerUITests.swift */,
				E2204F9C22380EBA0090C296 /* Info.plist */,
			);
			path = PullableViewControllerUITests;
			sourceTree = "<group>";
		};
/* End PBXGroup section */

/* Begin PBXNativeTarget section */
		E2204F7622380EB70090C296 /* PullableViewController */ = {
			isa = PBXNativeTarget;
			buildConfigurationList = E2204F9F22380EBA0090C296 /* Build configuration list for PBXNativeTarget "PullableViewController" */;
			buildPhases = (
				E2204F7322380EB70090C296 /* Sources */,
				E2204F7422380EB70090C296 /* Frameworks */,
				E2204F7522380EB70090C296 /* Resources */,
			);
			buildRules = (
			);
			dependencies = (
			);
			name = PullableViewController;
			productName = PullableViewController;
			productReference = E2204F7722380EB70090C296 /* PullableViewController.app */;
			productType = "com.apple.product-type.application";
		};
		E2204F8A22380EBA0090C296 /* PullableViewControllerTests */ = {
			isa = PBXNativeTarget;
			buildConfigurationList = E2204FA222380EBA0090C296 /* Build configuration list for PBXNativeTarget "PullableViewControllerTests" */;
			buildPhases = (
				E2204F8722380EBA0090C296 /* Sources */,
				E2204F8822380EBA0090C296 /* Frameworks */,
				E2204F8922380EBA0090C296 /* Resources */,
			);
			buildRules = (
			);
			dependencies = (
				E2204F8D22380EBA0090C296 /* PBXTargetDependency */,
			);
			name = PullableViewControllerTests;
			productName = PullableViewControllerTests;
			productReference = E2204F8B22380EBA0090C296 /* PullableViewControllerTests.xctest */;
			productType = "com.apple.product-type.bundle.unit-test";
		};
		E2204F9522380EBA0090C296 /* PullableViewControllerUITests */ = {
			isa = PBXNativeTarget;
			buildConfigurationList = E2204FA522380EBA0090C296 /* Build configuration list for PBXNativeTarget "PullableViewControllerUITests" */;
			buildPhases = (
				E2204F9222380EBA0090C296 /* Sources */,
				E2204F9322380EBA0090C296 /* Frameworks */,
				E2204F9422380EBA0090C296 /* Resources */,
			);
			buildRules = (
			);
			dependencies = (
				E2204F9822380EBA0090C296 /* PBXTargetDependency */,
			);
			name = PullableViewControllerUITests;
			productName = PullableViewControllerUITests;
			productReference = E2204F9622380EBA0090C296 /* PullableViewControllerUITests.xctest */;
			productType = "com.apple.product-type.bundle.ui-testing";
		};
/* End PBXNativeTarget section */

/* Begin PBXProject section */
		E2204F6F22380EB70090C296 /* Project object */ = {
			isa = PBXProject;
			attributes = {
				LastSwiftUpdateCheck = 1010;
				LastUpgradeCheck = 1010;
				ORGANIZATIONNAME = Creatrixe;
				TargetAttributes = {
					E2204F7622380EB70090C296 = {
						CreatedOnToolsVersion = 10.1;
					};
					E2204F8A22380EBA0090C296 = {
						CreatedOnToolsVersion = 10.1;
						TestTargetID = E2204F7622380EB70090C296;
					};
					E2204F9522380EBA0090C296 = {
						CreatedOnToolsVersion = 10.1;
						TestTargetID = E2204F7622380EB70090C296;
					};
				};
			};
			buildConfigurationList = E2204F7222380EB70090C296 /* Build configuration list for PBXProject "PullableViewController" */;
			compatibilityVersion = "Xcode 9.3";
			developmentRegion = en;
			hasScannedForEncodings = 0;
			knownRegions = (
				en,
				Base,
			);
			mainGroup = E2204F6E22380EB70090C296;
			productRefGroup = E2204F7822380EB70090C296 /* Products */;
			projectDirPath = "";
			projectRoot = "";
			targets = (
				E2204F7622380EB70090C296 /* PullableViewController */,
				E2204F8A22380EBA0090C296 /* PullableViewControllerTests */,
				E2204F9522380EBA0090C296 /* PullableViewControllerUITests */,
			);
		};
/* End PBXProject section */

/* Begin PBXResourcesBuildPhase section */
		E2204F7522380EB70090C296 /* Resources */ = {
			isa = PBXResourcesBuildPhase;
			buildActionMask = 2147483647;
			files = (
				E2204F8522380EB90090C296 /* LaunchScreen.storyboard in Resources */,
				E2204F8222380EB90090C296 /* Assets.xcassets in Resources */,
				E2204F8022380EB70090C296 /* Main.storyboard in Resources */,
			);
			runOnlyForDeploymentPostprocessing = 0;
		};
		E2204F8922380EBA0090C296 /* Resources */ = {
			isa = PBXResourcesBuildPhase;
			buildActionMask = 2147483647;
			files = (
			);
			runOnlyForDeploymentPostprocessing = 0;
		};
		E2204F9422380EBA0090C296 /* Resources */ = {
			isa = PBXResourcesBuildPhase;
			buildActionMask = 2147483647;
			files = (
			);
			runOnlyForDeploymentPostprocessing = 0;
		};
/* End PBXResourcesBuildPhase section */

/* Begin PBXSourcesBuildPhase section */
		E2204F7322380EB70090C296 /* Sources */ = {
			isa = PBXSourcesBuildPhase;
			buildActionMask = 2147483647;
			files = (
				E2204FA922380EE00090C296 /* PullableVC.swift in Sources */,
				E2204FAB22380EFC0090C296 /* MainVC.swift in Sources */,
				E2204F7B22380EB70090C296 /* AppDelegate.swift in Sources */,
			);
			runOnlyForDeploymentPostprocessing = 0;
		};
		E2204F8722380EBA0090C296 /* Sources */ = {
			isa = PBXSourcesBuildPhase;
			buildActionMask = 2147483647;
			files = (
				E2204F9022380EBA0090C296 /* PullableViewControllerTests.swift in Sources */,
			);
			runOnlyForDeploymentPostprocessing = 0;
		};
		E2204F9222380EBA0090C296 /* Sources */ = {
			isa = PBXSourcesBuildPhase;
			buildActionMask = 2147483647;
			files = (
				E2204F9B22380EBA0090C296 /* PullableViewControllerUITests.swift in Sources */,
			);
			runOnlyForDeploymentPostprocessing = 0;
		};
/* End PBXSourcesBuildPhase section */

/* Begin PBXTargetDependency section */
		E2204F8D22380EBA0090C296 /* PBXTargetDependency */ = {
			isa = PBXTargetDependency;
			target = E2204F7622380EB70090C296 /* PullableViewController */;
			targetProxy = E2204F8C22380EBA0090C296 /* PBXContainerItemProxy */;
		};
		E2204F9822380EBA0090C296 /* PBXTargetDependency */ = {
			isa = PBXTargetDependency;
			target = E2204F7622380EB70090C296 /* PullableViewController */;
			targetProxy = E2204F9722380EBA0090C296 /* PBXContainerItemProxy */;
		};
/* End PBXTargetDependency section */

/* Begin PBXVariantGroup section */
		E2204F7E22380EB70090C296 /* Main.storyboard */ = {
			isa = PBXVariantGroup;
			children = (
				E2204F7F22380EB70090C296 /* Base */,
			);
			name = Main.storyboard;
			sourceTree = "<group>";
		};
		E2204F8322380EB90090C296 /* LaunchScreen.storyboard */ = {
			isa = PBXVariantGroup;
			children = (
				E2204F8422380EB90090C296 /* Base */,
			);
			name = LaunchScreen.storyboard;
			sourceTree = "<group>";
		};
/* End PBXVariantGroup section */

/* Begin XCBuildConfiguration section */
		E2204F9D22380EBA0090C296 /* Debug */ = {
			isa = XCBuildConfiguration;
			buildSettings = {
				ALWAYS_SEARCH_USER_PATHS = NO;
				CLANG_ANALYZER_NONNULL = YES;
				CLANG_ANALYZER_NUMBER_OBJECT_CONVERSION = YES_AGGRESSIVE;
				CLANG_CXX_LANGUAGE_STANDARD = "gnu++14";
				CLANG_CXX_LIBRARY = "libc++";
				CLANG_ENABLE_MODULES = YES;
				CLANG_ENABLE_OBJC_ARC = YES;
				CLANG_ENABLE_OBJC_WEAK = YES;
				CLANG_WARN_BLOCK_CAPTURE_AUTORELEASING = YES;
				CLANG_WARN_BOOL_CONVERSION = YES;
				CLANG_WARN_COMMA = YES;
				CLANG_WARN_CONSTANT_CONVERSION = YES;
				CLANG_WARN_DEPRECATED_OBJC_IMPLEMENTATIONS = YES;
				CLANG_WARN_DIRECT_OBJC_ISA_USAGE = YES_ERROR;
				CLANG_WARN_DOCUMENTATION_COMMENTS = YES;
				CLANG_WARN_EMPTY_BODY = YES;
				CLANG_WARN_ENUM_CONVERSION = YES;
				CLANG_WARN_INFINITE_RECURSION = YES;
				CLANG_WARN_INT_CONVERSION = YES;
				CLANG_WARN_NON_LITERAL_NULL_CONVERSION = YES;
				CLANG_WARN_OBJC_IMPLICIT_RETAIN_SELF = YES;
				CLANG_WARN_OBJC_LITERAL_CONVERSION = YES;
				CLANG_WARN_OBJC_ROOT_CLASS = YES_ERROR;
				CLANG_WARN_RANGE_LOOP_ANALYSIS = YES;
				CLANG_WARN_STRICT_PROTOTYPES = YES;
				CLANG_WARN_SUSPICIOUS_MOVE = YES;
				CLANG_WARN_UNGUARDED_AVAILABILITY = YES_AGGRESSIVE;
				CLANG_WARN_UNREACHABLE_CODE = YES;
				CLANG_WARN__DUPLICATE_METHOD_MATCH = YES;
				CODE_SIGN_IDENTITY = "iPhone Developer";
				COPY_PHASE_STRIP = NO;
				DEBUG_INFORMATION_FORMAT = dwarf;
				ENABLE_STRICT_OBJC_MSGSEND = YES;
				ENABLE_TESTABILITY = YES;
				GCC_C_LANGUAGE_STANDARD = gnu11;
				GCC_DYNAMIC_NO_PIC = NO;
				GCC_NO_COMMON_BLOCKS = YES;
				GCC_OPTIMIZATION_LEVEL = 0;
				GCC_PREPROCESSOR_DEFINITIONS = (
					"DEBUG=1",
					"$(inherited)",
				);
				GCC_WARN_64_TO_32_BIT_CONVERSION = YES;
				GCC_WARN_ABOUT_RETURN_TYPE = YES_ERROR;
				GCC_WARN_UNDECLARED_SELECTOR = YES;
				GCC_WARN_UNINITIALIZED_AUTOS = YES_AGGRESSIVE;
				GCC_WARN_UNUSED_FUNCTION = YES;
				GCC_WARN_UNUSED_VARIABLE = YES;
				IPHONEOS_DEPLOYMENT_TARGET = 12.1;
				MTL_ENABLE_DEBUG_INFO = INCLUDE_SOURCE;
				MTL_FAST_MATH = YES;
				ONLY_ACTIVE_ARCH = YES;
				SDKROOT = iphoneos;
				SWIFT_ACTIVE_COMPILATION_CONDITIONS = DEBUG;
				SWIFT_OPTIMIZATION_LEVEL = "-Onone";
			};
			name = Debug;
		};
		E2204F9E22380EBA0090C296 /* Release */ = {
			isa = XCBuildConfiguration;
			buildSettings = {
				ALWAYS_SEARCH_USER_PATHS = NO;
				CLANG_ANALYZER_NONNULL = YES;
				CLANG_ANALYZER_NUMBER_OBJECT_CONVERSION = YES_AGGRESSIVE;
				CLANG_CXX_LANGUAGE_STANDARD = "gnu++14";
				CLANG_CXX_LIBRARY = "libc++";
				CLANG_ENABLE_MODULES = YES;
				CLANG_ENABLE_OBJC_ARC = YES;
				CLANG_ENABLE_OBJC_WEAK = YES;
				CLANG_WARN_BLOCK_CAPTURE_AUTORELEASING = YES;
				CLANG_WARN_BOOL_CONVERSION = YES;
				CLANG_WARN_COMMA = YES;
				CLANG_WARN_CONSTANT_CONVERSION = YES;
				CLANG_WARN_DEPRECATED_OBJC_IMPLEMENTATIONS = YES;
				CLANG_WARN_DIRECT_OBJC_ISA_USAGE = YES_ERROR;
				CLANG_WARN_DOCUMENTATION_COMMENTS = YES;
				CLANG_WARN_EMPTY_BODY = YES;
				CLANG_WARN_ENUM_CONVERSION = YES;
				CLANG_WARN_INFINITE_RECURSION = YES;
				CLANG_WARN_INT_CONVERSION = YES;
				CLANG_WARN_NON_LITERAL_NULL_CONVERSION = YES;
				CLANG_WARN_OBJC_IMPLICIT_RETAIN_SELF = YES;
				CLANG_WARN_OBJC_LITERAL_CONVERSION = YES;
				CLANG_WARN_OBJC_ROOT_CLASS = YES_ERROR;
				CLANG_WARN_RANGE_LOOP_ANALYSIS = YES;
				CLANG_WARN_STRICT_PROTOTYPES = YES;
				CLANG_WARN_SUSPICIOUS_MOVE = YES;
				CLANG_WARN_UNGUARDED_AVAILABILITY = YES_AGGRESSIVE;
				CLANG_WARN_UNREACHABLE_CODE = YES;
				CLANG_WARN__DUPLICATE_METHOD_MATCH = YES;
				CODE_SIGN_IDENTITY = "iPhone Developer";
				COPY_PHASE_STRIP = NO;
				DEBUG_INFORMATION_FORMAT = "dwarf-with-dsym";
				ENABLE_NS_ASSERTIONS = NO;
				ENABLE_STRICT_OBJC_MSGSEND = YES;
				GCC_C_LANGUAGE_STANDARD = gnu11;
				GCC_NO_COMMON_BLOCKS = YES;
				GCC_WARN_64_TO_32_BIT_CONVERSION = YES;
				GCC_WARN_ABOUT_RETURN_TYPE = YES_ERROR;
				GCC_WARN_UNDECLARED_SELECTOR = YES;
				GCC_WARN_UNINITIALIZED_AUTOS = YES_AGGRESSIVE;
				GCC_WARN_UNUSED_FUNCTION = YES;
				GCC_WARN_UNUSED_VARIABLE = YES;
				IPHONEOS_DEPLOYMENT_TARGET = 12.1;
				MTL_ENABLE_DEBUG_INFO = NO;
				MTL_FAST_MATH = YES;
				SDKROOT = iphoneos;
				SWIFT_COMPILATION_MODE = wholemodule;
				SWIFT_OPTIMIZATION_LEVEL = "-O";
				VALIDATE_PRODUCT = YES;
			};
			name = Release;
		};
		E2204FA022380EBA0090C296 /* Debug */ = {
			isa = XCBuildConfiguration;
			buildSettings = {
				ASSETCATALOG_COMPILER_APPICON_NAME = AppIcon;
				CODE_SIGN_STYLE = Manual;
				DEVELOPMENT_TEAM = "";
				INFOPLIST_FILE = PullableViewController/Info.plist;
				IPHONEOS_DEPLOYMENT_TARGET = 10.0;
				LD_RUNPATH_SEARCH_PATHS = (
					"$(inherited)",
					"@executable_path/Frameworks",
				);
				PRODUCT_BUNDLE_IDENTIFIER = com.saim.PullableViewController;
				PRODUCT_NAME = "$(TARGET_NAME)";
				PROVISIONING_PROFILE_SPECIFIER = "";
				SWIFT_VERSION = 4.2;
				TARGETED_DEVICE_FAMILY = "1,2";
			};
			name = Debug;
		};
		E2204FA122380EBA0090C296 /* Release */ = {
			isa = XCBuildConfiguration;
			buildSettings = {
				ASSETCATALOG_COMPILER_APPICON_NAME = AppIcon;
				CODE_SIGN_STYLE = Manual;
				DEVELOPMENT_TEAM = "";
				INFOPLIST_FILE = PullableViewController/Info.plist;
				IPHONEOS_DEPLOYMENT_TARGET = 10.0;
				LD_RUNPATH_SEARCH_PATHS = (
					"$(inherited)",
					"@executable_path/Frameworks",
				);
				PRODUCT_BUNDLE_IDENTIFIER = com.saim.PullableViewController;
				PRODUCT_NAME = "$(TARGET_NAME)";
				PROVISIONING_PROFILE_SPECIFIER = "";
				SWIFT_VERSION = 4.2;
				TARGETED_DEVICE_FAMILY = "1,2";
			};
			name = Release;
		};
		E2204FA322380EBA0090C296 /* Debug */ = {
			isa = XCBuildConfiguration;
			buildSettings = {
				ALWAYS_EMBED_SWIFT_STANDARD_LIBRARIES = YES;
				BUNDLE_LOADER = "$(TEST_HOST)";
				CODE_SIGN_STYLE = Automatic;
				DEVELOPMENT_TEAM = 56362P8H7W;
				INFOPLIST_FILE = PullableViewControllerTests/Info.plist;
				LD_RUNPATH_SEARCH_PATHS = (
					"$(inherited)",
					"@executable_path/Frameworks",
					"@loader_path/Frameworks",
				);
				PRODUCT_BUNDLE_IDENTIFIER = com.creatrixe.PullableViewControllerTests;
				PRODUCT_NAME = "$(TARGET_NAME)";
				SWIFT_VERSION = 4.2;
				TARGETED_DEVICE_FAMILY = "1,2";
				TEST_HOST = "$(BUILT_PRODUCTS_DIR)/PullableViewController.app/PullableViewController";
			};
			name = Debug;
		};
		E2204FA422380EBA0090C296 /* Release */ = {
			isa = XCBuildConfiguration;
			buildSettings = {
				ALWAYS_EMBED_SWIFT_STANDARD_LIBRARIES = YES;
				BUNDLE_LOADER = "$(TEST_HOST)";
				CODE_SIGN_STYLE = Automatic;
				DEVELOPMENT_TEAM = 56362P8H7W;
				INFOPLIST_FILE = PullableViewControllerTests/Info.plist;
				LD_RUNPATH_SEARCH_PATHS = (
					"$(inherited)",
					"@executable_path/Frameworks",
					"@loader_path/Frameworks",
				);
				PRODUCT_BUNDLE_IDENTIFIER = com.creatrixe.PullableViewControllerTests;
				PRODUCT_NAME = "$(TARGET_NAME)";
				SWIFT_VERSION = 4.2;
				TARGETED_DEVICE_FAMILY = "1,2";
				TEST_HOST = "$(BUILT_PRODUCTS_DIR)/PullableViewController.app/PullableViewController";
			};
			name = Release;
		};
		E2204FA622380EBA0090C296 /* Debug */ = {
			isa = XCBuildConfiguration;
			buildSettings = {
				ALWAYS_EMBED_SWIFT_STANDARD_LIBRARIES = YES;
				CODE_SIGN_STYLE = Automatic;
				DEVELOPMENT_TEAM = 56362P8H7W;
				INFOPLIST_FILE = PullableViewControllerUITests/Info.plist;
				LD_RUNPATH_SEARCH_PATHS = (
					"$(inherited)",
					"@executable_path/Frameworks",
					"@loader_path/Frameworks",
				);
				PRODUCT_BUNDLE_IDENTIFIER = com.creatrixe.PullableViewControllerUITests;
				PRODUCT_NAME = "$(TARGET_NAME)";
				SWIFT_VERSION = 4.2;
				TARGETED_DEVICE_FAMILY = "1,2";
				TEST_TARGET_NAME = PullableViewController;
			};
			name = Debug;
		};
		E2204FA722380EBA0090C296 /* Release */ = {
			isa = XCBuildConfiguration;
			buildSettings = {
				ALWAYS_EMBED_SWIFT_STANDARD_LIBRARIES = YES;
				CODE_SIGN_STYLE = Automatic;
				DEVELOPMENT_TEAM = 56362P8H7W;
				INFOPLIST_FILE = PullableViewControllerUITests/Info.plist;
				LD_RUNPATH_SEARCH_PATHS = (
					"$(inherited)",
					"@executable_path/Frameworks",
					"@loader_path/Frameworks",
				);
				PRODUCT_BUNDLE_IDENTIFIER = com.creatrixe.PullableViewControllerUITests;
				PRODUCT_NAME = "$(TARGET_NAME)";
				SWIFT_VERSION = 4.2;
				TARGETED_DEVICE_FAMILY = "1,2";
				TEST_TARGET_NAME = PullableViewController;
			};
			name = Release;
		};
/* End XCBuildConfiguration section */

/* Begin XCConfigurationList section */
		E2204F7222380EB70090C296 /* Build configuration list for PBXProject "PullableViewController" */ = {
			isa = XCConfigurationList;
			buildConfigurations = (
				E2204F9D22380EBA0090C296 /* Debug */,
				E2204F9E22380EBA0090C296 /* Release */,
			);
			defaultConfigurationIsVisible = 0;
			defaultConfigurationName = Release;
		};
		E2204F9F22380EBA0090C296 /* Build configuration list for PBXNativeTarget "PullableViewController" */ = {
			isa = XCConfigurationList;
			buildConfigurations = (
				E2204FA022380EBA0090C296 /* Debug */,
				E2204FA122380EBA0090C296 /* Release */,
			);
			defaultConfigurationIsVisible = 0;
			defaultConfigurationName = Release;
		};
		E2204FA222380EBA0090C296 /* Build configuration list for PBXNativeTarget "PullableViewControllerTests" */ = {
			isa = XCConfigurationList;
			buildConfigurations = (
				E2204FA322380EBA0090C296 /* Debug */,
				E2204FA422380EBA0090C296 /* Release */,
			);
			defaultConfigurationIsVisible = 0;
			defaultConfigurationName = Release;
		};
		E2204FA522380EBA0090C296 /* Build configuration list for PBXNativeTarget "PullableViewControllerUITests" */ = {
			isa = XCConfigurationList;
			buildConfigurations = (
				E2204FA622380EBA0090C296 /* Debug */,
				E2204FA722380EBA0090C296 /* Release */,
			);
			defaultConfigurationIsVisible = 0;
			defaultConfigurationName = Release;
		};
/* End XCConfigurationList section */
	};
	rootObject = E2204F6F22380EB70090C296 /* Project object */;
}
